
Microsoft Visual Studio Solution File, Format Version 12.00
# Visual Studio 15
VisualStudioVersion = 15.0.27703.2042
MinimumVisualStudioVersion = 10.0.40219.1
Project("{FAE04EC0-301F-11D3-BF4B-00C04F79EFBC}") = "WpMigrator", "WpMigrator.csproj", "{F32E4B88-1008-4C63-9C72-E170D42BBBFF}"
EndProject
Global
	GlobalSection(SolutionConfigurationPlatforms) = preSolution
		Debug|Any CPU = Debug|Any CPU
		Release|Any CPU = Release|Any CPU
	EndGlobalSection
	GlobalSection(ProjectConfigurationPlatforms) = postSolution
		{F32E4B88-1008-4C63-9C72-E170D42BBBFF}.Debug|Any CPU.ActiveCfg = Debug|Any CPU
		{F32E4B88-1008-4C63-9C72-E170D42BBBFF}.Debug|Any CPU.Build.0 = Debug|Any CPU
		{F32E4B88-1008-4C63-9C72-E170D42BBBFF}.Release|Any CPU.ActiveCfg = Release|Any CPU
		{F32E4B88-1008-4C63-9C72-E170D42BBBFF}.Release|Any CPU.Build.0 = Release|Any CPU
	EndGlobalSection
	GlobalSection(SolutionProperties) = preSolution
		HideSolutionNode = FALSE
	EndGlobalSection
	GlobalSection(ExtensibilityGlobals) = postSolution
		SolutionGuid = {6FCF98F2-8106-4B8D-BA81-B542824BCA3C}
	EndGlobalSection
EndGlobal
